// !$*UTF8*$!
{
	archiveVersion = 1;
	classes = {
	};
	objectVersion = 77;
	objects = {

/* Begin PBXContainerItemProxy section */
		6469B4532E0A3072008D303D /* PBXContainerItemProxy */ = {
			isa = PBXContainerItemProxy;
			containerPortal = 6469B43C2E0A306E008D303D /* Project object */;
			proxyType = 1;
			remoteGlobalIDString = 6469B4432E0A306E008D303D;
			remoteInfo = Redirect;
		};
		6469B45D2E0A3072008D303D /* PBXContainerItemProxy */ = {
			isa = PBXContainerItemProxy;
			containerPortal = 6469B43C2E0A306E008D303D /* Project object */;
			proxyType = 1;
			remoteGlobalIDString = 6469B4432E0A306E008D303D;
			remoteInfo = Redirect;
		};
/* End PBXContainerItemProxy section */

/* Begin PBXFileReference section */
		6469B4442E0A306E008D303D /* Redirect.app */ = {isa = PBXFileReference; explicitFileType = wrapper.application; includeInIndex = 0; path = Redirect.app; sourceTree = BUILT_PRODUCTS_DIR; };
		6469B4522E0A3072008D303D /* RedirectTests.xctest */ = {isa = PBXFileReference; explicitFileType = wrapper.cfbundle; includeInIndex = 0; path = RedirectTests.xctest; sourceTree = BUILT_PRODUCTS_DIR; };
		6469B45C2E0A3072008D303D /* RedirectUITests.xctest */ = {isa = PBXFileReference; explicitFileType = wrapper.cfbundle; includeInIndex = 0; path = RedirectUITests.xctest; sourceTree = BUILT_PRODUCTS_DIR; };
/* End PBXFileReference section */

/* Begin PBXFileSystemSynchronizedRootGroup section */
		6469B4462E0A306E008D303D /* Redirect */ = {
			isa = PBXFileSystemSynchronizedRootGroup;
			path = Redirect;
			sourceTree = "<group>";
		};
		6469B4552E0A3072008D303D /* RedirectTests */ = {
			isa = PBXFileSystemSynchronizedRootGroup;
			path = RedirectTests;
			sourceTree = "<group>";
		};
		6469B45F2E0A3072008D303D /* RedirectUITests */ = {
			isa = PBXFileSystemSynchronizedRootGroup;
			path = RedirectUITests;
			sourceTree = "<group>";
		};
/* End PBXFileSystemSynchronizedRootGroup section */

/* Begin PBXFrameworksBuildPhase section */
		6469B4412E0A306E008D303D /* Frameworks */ = {
			isa = PBXFrameworksBuildPhase;
			buildActionMask = 2147483647;
			files = (
			);
			runOnlyForDeploymentPostprocessing = 0;
		};
		6469B44F2E0A3072008D303D /* Frameworks */ = {
			isa = PBXFrameworksBuildPhase;
			buildActionMask = 2147483647;
			files = (
			);
			runOnlyForDeploymentPostprocessing = 0;
		};
		6469B4592E0A3072008D303D /* Frameworks */ = {
			isa = PBXFrameworksBuildPhase;
			buildActionMask = 2147483647;
			files = (
			);
			runOnlyForDeploymentPostprocessing = 0;
		};
/* End PBXFrameworksBuildPhase section */

/* Begin PBXGroup section */
		6469B43B2E0A306E008D303D = {
			isa = PBXGroup;
			children = (
				6469B4462E0A306E008D303D /* Redirect */,
				6469B4552E0A3072008D303D /* RedirectTests */,
				6469B45F2E0A3072008D303D /* RedirectUITests */,
				6469B4452E0A306E008D303D /* Products */,
			);
			sourceTree = "<group>";
		};
		6469B4452E0A306E008D303D /* Products */ = {
			isa = PBXGroup;
			children = (
				6469B4442E0A306E008D303D /* Redirect.app */,
				6469B4522E0A3072008D303D /* RedirectTests.xctest */,
				6469B45C2E0A3072008D303D /* RedirectUITests.xctest */,
			);
			name = Products;
			sourceTree = "<group>";
		};
/* End PBXGroup section */

/* Begin PBXNativeTarget section */
		6469B4432E0A306E008D303D /* Redirect */ = {
			isa = PBXNativeTarget;
			buildConfigurationList = 6469B4662E0A3072008D303D /* Build configuration list for PBXNativeTarget "Redirect" */;
			buildPhases = (
				6469B4402E0A306E008D303D /* Sources */,
				6469B4412E0A306E008D303D /* Frameworks */,
				6469B4422E0A306E008D303D /* Resources */,
			);
			buildRules = (
			);
			dependencies = (
			);
			fileSystemSynchronizedGroups = (
				6469B4462E0A306E008D303D /* Redirect */,
			);
			name = Redirect;
			packageProductDependencies = (
			);
			productName = Redirect;
			productReference = 6469B4442E0A306E008D303D /* Redirect.app */;
			productType = "com.apple.product-type.application";
		};
		6469B4512E0A3072008D303D /* RedirectTests */ = {
			isa = PBXNativeTarget;
			buildConfigurationList = 6469B4692E0A3072008D303D /* Build configuration list for PBXNativeTarget "RedirectTests" */;
			buildPhases = (
				6469B44E2E0A3072008D303D /* Sources */,
				6469B44F2E0A3072008D303D /* Frameworks */,
				6469B4502E0A3072008D303D /* Resources */,
			);
			buildRules = (
			);
			dependencies = (
				6469B4542E0A3072008D303D /* PBXTargetDependency */,
			);
			fileSystemSynchronizedGroups = (
				6469B4552E0A3072008D303D /* RedirectTests */,
			);
			name = RedirectTests;
			packageProductDependencies = (
			);
			productName = RedirectTests;
			productReference = 6469B4522E0A3072008D303D /* RedirectTests.xctest */;
			productType = "com.apple.product-type.bundle.unit-test";
		};
		6469B45B2E0A3072008D303D /* RedirectUITests */ = {
			isa = PBXNativeTarget;
			buildConfigurationList = 6469B46C2E0A3072008D303D /* Build configuration list for PBXNativeTarget "RedirectUITests" */;
			buildPhases = (
				6469B4582E0A3072008D303D /* Sources */,
				6469B4592E0A3072008D303D /* Frameworks */,
				6469B45A2E0A3072008D303D /* Resources */,
			);
			buildRules = (
			);
			dependencies = (
				6469B45E2E0A3072008D303D /* PBXTargetDependency */,
			);
			fileSystemSynchronizedGroups = (
				6469B45F2E0A3072008D303D /* RedirectUITests */,
			);
			name = RedirectUITests;
			packageProductDependencies = (
			);
			productName = RedirectUITests;
			productReference = 6469B45C2E0A3072008D303D /* RedirectUITests.xctest */;
			productType = "com.apple.product-type.bundle.ui-testing";
		};
/* End PBXNativeTarget section */

/* Begin PBXProject section */
		6469B43C2E0A306E008D303D /* Project object */ = {
			isa = PBXProject;
			attributes = {
				BuildIndependentTargetsInParallel = 1;
				LastSwiftUpdateCheck = 1640;
				LastUpgradeCheck = 1640;
				TargetAttributes = {
					6469B4432E0A306E008D303D = {
						CreatedOnToolsVersion = 16.4;
					};
					6469B4512E0A3072008D303D = {
						CreatedOnToolsVersion = 16.4;
						TestTargetID = 6469B4432E0A306E008D303D;
					};
					6469B45B2E0A3072008D303D = {
						CreatedOnToolsVersion = 16.4;
						TestTargetID = 6469B4432E0A306E008D303D;
					};
				};
			};
			buildConfigurationList = 6469B43F2E0A306E008D303D /* Build configuration list for PBXProject "Redirect" */;
			developmentRegion = en;
			hasScannedForEncodings = 0;
			knownRegions = (
				en,
				Base,
			);
			mainGroup = 6469B43B2E0A306E008D303D;
			minimizedProjectReferenceProxies = 1;
			preferredProjectObjectVersion = 77;
			productRefGroup = 6469B4452E0A306E008D303D /* Products */;
			projectDirPath = "";
			projectRoot = "";
			targets = (
				6469B4432E0A306E008D303D /* Redirect */,
				6469B4512E0A3072008D303D /* RedirectTests */,
				6469B45B2E0A3072008D303D /* RedirectUITests */,
			);
		};
/* End PBXProject section */

/* Begin PBXResourcesBuildPhase section */
		6469B4422E0A306E008D303D /* Resources */ = {
			isa = PBXResourcesBuildPhase;
			buildActionMask = 2147483647;
			files = (
			);
			runOnlyForDeploymentPostprocessing = 0;
		};
		6469B4502E0A3072008D303D /* Resources */ = {
			isa = PBXResourcesBuildPhase;
			buildActionMask = 2147483647;
			files = (
			);
			runOnlyForDeploymentPostprocessing = 0;
		};
		6469B45A2E0A3072008D303D /* Resources */ = {
			isa = PBXResourcesBuildPhase;
			buildActionMask = 2147483647;
			files = (
			);
			runOnlyForDeploymentPostprocessing = 0;
		};
/* End PBXResourcesBuildPhase section */

/* Begin PBXSourcesBuildPhase section */
		6469B4402E0A306E008D303D /* Sources */ = {
			isa = PBXSourcesBuildPhase;
			buildActionMask = 2147483647;
			files = (
			);
			runOnlyForDeploymentPostprocessing = 0;
		};
		6469B44E2E0A3072008D303D /* Sources */ = {
			isa = PBXSourcesBuildPhase;
			buildActionMask = 2147483647;
			files = (
			);
			runOnlyForDeploymentPostprocessing = 0;
		};
		6469B4582E0A3072008D303D /* Sources */ = {
			isa = PBXSourcesBuildPhase;
			buildActionMask = 2147483647;
			files = (
			);
			runOnlyForDeploymentPostprocessing = 0;
		};
/* End PBXSourcesBuildPhase section */

/* Begin PBXTargetDependency section */
		6469B4542E0A3072008D303D /* PBXTargetDependency */ = {
			isa = PBXTargetDependency;
			target = 6469B4432E0A306E008D303D /* Redirect */;
			targetProxy = 6469B4532E0A3072008D303D /* PBXContainerItemProxy */;
		};
		6469B45E2E0A3072008D303D /* PBXTargetDependency */ = {
			isa = PBXTargetDependency;
			target = 6469B4432E0A306E008D303D /* Redirect */;
			targetProxy = 6469B45D2E0A3072008D303D /* PBXContainerItemProxy */;
		};
/* End PBXTargetDependency section */

/* Begin XCBuildConfiguration section */
		6469B4642E0A3072008D303D /* Debug */ = {
			isa = XCBuildConfiguration;
			buildSettings = {
				ALWAYS_SEARCH_USER_PATHS = NO;
				ASSETCATALOG_COMPILER_GENERATE_SWIFT_ASSET_SYMBOL_EXTENSIONS = YES;
				CLANG_ANALYZER_NONNULL = YES;
				CLANG_ANALYZER_NUMBER_OBJECT_CONVERSION = YES_AGGRESSIVE;
				CLANG_CXX_LANGUAGE_STANDARD = "gnu++20";
				CLANG_ENABLE_MODULES = YES;
				CLANG_ENABLE_OBJC_ARC = YES;
				CLANG_ENABLE_OBJC_WEAK = YES;
				CLANG_WARN_BLOCK_CAPTURE_AUTORELEASING = YES;
				CLANG_WARN_BOOL_CONVERSION = YES;
				CLANG_WARN_COMMA = YES;
				CLANG_WARN_CONSTANT_CONVERSION = YES;
				CLANG_WARN_DEPRECATED_OBJC_IMPLEMENTATIONS = YES;
				CLANG_WARN_DIRECT_OBJC_ISA_USAGE = YES_ERROR;
				CLANG_WARN_DOCUMENTATION_COMMENTS = YES;
				CLANG_WARN_EMPTY_BODY = YES;
				CLANG_WARN_ENUM_CONVERSION = YES;
				CLANG_WARN_INFINITE_RECURSION = YES;
				CLANG_WARN_INT_CONVERSION = YES;
				CLANG_WARN_NON_LITERAL_NULL_CONVERSION = YES;
				CLANG_WARN_OBJC_IMPLICIT_RETAIN_SELF = YES;
				CLANG_WARN_OBJC_LITERAL_CONVERSION = YES;
				CLANG_WARN_OBJC_ROOT_CLASS = YES_ERROR;
				CLANG_WARN_QUOTED_INCLUDE_IN_FRAMEWORK_HEADER = YES;
				CLANG_WARN_RANGE_LOOP_ANALYSIS = YES;
				CLANG_WARN_STRICT_PROTOTYPES = YES;
				CLANG_WARN_SUSPICIOUS_MOVE = YES;
				CLANG_WARN_UNGUARDED_AVAILABILITY = YES_AGGRESSIVE;
				CLANG_WARN_UNREACHABLE_CODE = YES;
				CLANG_WARN__DUPLICATE_METHOD_MATCH = YES;
				COPY_PHASE_STRIP = NO;
				DEBUG_INFORMATION_FORMAT = dwarf;
				ENABLE_STRICT_OBJC_MSGSEND = YES;
				ENABLE_TESTABILITY = YES;
				ENABLE_USER_SCRIPT_SANDBOXING = YES;
				GCC_C_LANGUAGE_STANDARD = gnu17;
				GCC_DYNAMIC_NO_PIC = NO;
				GCC_NO_COMMON_BLOCKS = YES;
				GCC_OPTIMIZATION_LEVEL = 0;
				GCC_PREPROCESSOR_DEFINITIONS = (
					"DEBUG=1",
					"$(inherited)",
				);
				GCC_WARN_64_TO_32_BIT_CONVERSION = YES;
				GCC_WARN_ABOUT_RETURN_TYPE = YES_ERROR;
				GCC_WARN_UNDECLARED_SELECTOR = YES;
				GCC_WARN_UNINITIALIZED_AUTOS = YES_AGGRESSIVE;
				GCC_WARN_UNUSED_FUNCTION = YES;
				GCC_WARN_UNUSED_VARIABLE = YES;
				LOCALIZATION_PREFERS_STRING_CATALOGS = YES;
				MACOSX_DEPLOYMENT_TARGET = 15.5;
				MTL_ENABLE_DEBUG_INFO = INCLUDE_SOURCE;
				MTL_FAST_MATH = YES;
				ONLY_ACTIVE_ARCH = YES;
				SDKROOT = macosx;
				SWIFT_ACTIVE_COMPILATION_CONDITIONS = "DEBUG $(inherited)";
				SWIFT_OPTIMIZATION_LEVEL = "-Onone";
			};
			name = Debug;
		};
		6469B4652E0A3072008D303D /* Release */ = {
			isa = XCBuildConfiguration;
			buildSettings = {
				ALWAYS_SEARCH_USER_PATHS = NO;
				ASSETCATALOG_COMPILER_GENERATE_SWIFT_ASSET_SYMBOL_EXTENSIONS = YES;
				CLANG_ANALYZER_NONNULL = YES;
				CLANG_ANALYZER_NUMBER_OBJECT_CONVERSION = YES_AGGRESSIVE;
				CLANG_CXX_LANGUAGE_STANDARD = "gnu++20";
				CLANG_ENABLE_MODULES = YES;
				CLANG_ENABLE_OBJC_ARC = YES;
				CLANG_ENABLE_OBJC_WEAK = YES;
				CLANG_WARN_BLOCK_CAPTURE_AUTORELEASING = YES;
				CLANG_WARN_BOOL_CONVERSION = YES;
				CLANG_WARN_COMMA = YES;
				CLANG_WARN_CONSTANT_CONVERSION = YES;
				CLANG_WARN_DEPRECATED_OBJC_IMPLEMENTATIONS = YES;
				CLANG_WARN_DIRECT_OBJC_ISA_USAGE = YES_ERROR;
				CLANG_WARN_DOCUMENTATION_COMMENTS = YES;
				CLANG_WARN_EMPTY_BODY = YES;
				CLANG_WARN_ENUM_CONVERSION = YES;
				CLANG_WARN_INFINITE_RECURSION = YES;
				CLANG_WARN_INT_CONVERSION = YES;
				CLANG_WARN_NON_LITERAL_NULL_CONVERSION = YES;
				CLANG_WARN_OBJC_IMPLICIT_RETAIN_SELF = YES;
				CLANG_WARN_OBJC_LITERAL_CONVERSION = YES;
				CLANG_WARN_OBJC_ROOT_CLASS = YES_ERROR;
				CLANG_WARN_QUOTED_INCLUDE_IN_FRAMEWORK_HEADER = YES;
				CLANG_WARN_RANGE_LOOP_ANALYSIS = YES;
				CLANG_WARN_STRICT_PROTOTYPES = YES;
				CLANG_WARN_SUSPICIOUS_MOVE = YES;
				CLANG_WARN_UNGUARDED_AVAILABILITY = YES_AGGRESSIVE;
				CLANG_WARN_UNREACHABLE_CODE = YES;
				CLANG_WARN__DUPLICATE_METHOD_MATCH = YES;
				COPY_PHASE_STRIP = NO;
				DEBUG_INFORMATION_FORMAT = "dwarf-with-dsym";
				ENABLE_NS_ASSERTIONS = NO;
				ENABLE_STRICT_OBJC_MSGSEND = YES;
				ENABLE_USER_SCRIPT_SANDBOXING = YES;
				GCC_C_LANGUAGE_STANDARD = gnu17;
				GCC_NO_COMMON_BLOCKS = YES;
				GCC_WARN_64_TO_32_BIT_CONVERSION = YES;
				GCC_WARN_ABOUT_RETURN_TYPE = YES_ERROR;
				GCC_WARN_UNDECLARED_SELECTOR = YES;
				GCC_WARN_UNINITIALIZED_AUTOS = YES_AGGRESSIVE;
				GCC_WARN_UNUSED_FUNCTION = YES;
				GCC_WARN_UNUSED_VARIABLE = YES;
				LOCALIZATION_PREFERS_STRING_CATALOGS = YES;
				MACOSX_DEPLOYMENT_TARGET = 15.5;
				MTL_ENABLE_DEBUG_INFO = NO;
				MTL_FAST_MATH = YES;
				SDKROOT = macosx;
				SWIFT_COMPILATION_MODE = wholemodule;
			};
			name = Release;
		};
		6469B4672E0A3072008D303D /* Debug */ = {
			isa = XCBuildConfiguration;
			buildSettings = {
				ASSETCATALOG_COMPILER_APPICON_NAME = AppIcon;
				ASSETCATALOG_COMPILER_GLOBAL_ACCENT_COLOR_NAME = AccentColor;
				CODE_SIGN_ENTITLEMENTS = Redirect/Redirect.entitlements;
				CODE_SIGN_STYLE = Automatic;
				COMBINE_HIDPI_IMAGES = YES;
				CURRENT_PROJECT_VERSION = 1;
				ENABLE_PREVIEWS = YES;
				GENERATE_INFOPLIST_FILE = YES;
				INFOPLIST_KEY_NSHumanReadableCopyright = "";
				LD_RUNPATH_SEARCH_PATHS = (
					"$(inherited)",
					"@executable_path/../Frameworks",
				);
				MARKETING_VERSION = 1.0;
				PRODUCT_BUNDLE_IDENTIFIER = ubsuai.com.Redirect;
				PRODUCT_NAME = "$(TARGET_NAME)";
				REGISTER_APP_GROUPS = YES;
				SWIFT_EMIT_LOC_STRINGS = YES;
				SWIFT_VERSION = 5.0;
			};
			name = Debug;
		};
		6469B4682E0A3072008D303D /* Release */ = {
			isa = XCBuildConfiguration;
			buildSettings = {
				ASSETCATALOG_COMPILER_APPICON_NAME = AppIcon;
				ASSETCATALOG_COMPILER_GLOBAL_ACCENT_COLOR_NAME = AccentColor;
				CODE_SIGN_ENTITLEMENTS = Redirect/Redirect.entitlements;
				CODE_SIGN_STYLE = Automatic;
				COMBINE_HIDPI_IMAGES = YES;
				CURRENT_PROJECT_VERSION = 1;
				ENABLE_PREVIEWS = YES;
				GENERATE_INFOPLIST_FILE = YES;
				INFOPLIST_KEY_NSHumanReadableCopyright = "";
				LD_RUNPATH_SEARCH_PATHS = (
					"$(inherited)",
					"@executable_path/../Frameworks",
				);
				MARKETING_VERSION = 1.0;
				PRODUCT_BUNDLE_IDENTIFIER = ubsuai.com.Redirect;
				PRODUCT_NAME = "$(TARGET_NAME)";
				REGISTER_APP_GROUPS = YES;
				SWIFT_EMIT_LOC_STRINGS = YES;
				SWIFT_VERSION = 5.0;
			};
			name = Release;
		};
		6469B46A2E0A3072008D303D /* Debug */ = {
			isa = XCBuildConfiguration;
			buildSettings = {
				BUNDLE_LOADER = "$(TEST_HOST)";
				CODE_SIGN_STYLE = Automatic;
				CURRENT_PROJECT_VERSION = 1;
				GENERATE_INFOPLIST_FILE = YES;
				MACOSX_DEPLOYMENT_TARGET = 15.5;
				MARKETING_VERSION = 1.0;
				PRODUCT_BUNDLE_IDENTIFIER = ubsuai.com.RedirectTests;
				PRODUCT_NAME = "$(TARGET_NAME)";
				SWIFT_EMIT_LOC_STRINGS = NO;
				SWIFT_VERSION = 5.0;
				TEST_HOST = "$(BUILT_PRODUCTS_DIR)/Redirect.app/$(BUNDLE_EXECUTABLE_FOLDER_PATH)/Redirect";
			};
			name = Debug;
		};
		6469B46B2E0A3072008D303D /* Release */ = {
			isa = XCBuildConfiguration;
			buildSettings = {
				BUNDLE_LOADER = "$(TEST_HOST)";
				CODE_SIGN_STYLE = Automatic;
				CURRENT_PROJECT_VERSION = 1;
				GENERATE_INFOPLIST_FILE = YES;
				MACOSX_DEPLOYMENT_TARGET = 15.5;
				MARKETING_VERSION = 1.0;
				PRODUCT_BUNDLE_IDENTIFIER = ubsuai.com.RedirectTests;
				PRODUCT_NAME = "$(TARGET_NAME)";
				SWIFT_EMIT_LOC_STRINGS = NO;
				SWIFT_VERSION = 5.0;
				TEST_HOST = "$(BUILT_PRODUCTS_DIR)/Redirect.app/$(BUNDLE_EXECUTABLE_FOLDER_PATH)/Redirect";
			};
			name = Release;
		};
		6469B46D2E0A3072008D303D /* Debug */ = {
			isa = XCBuildConfiguration;
			buildSettings = {
				CODE_SIGN_STYLE = Automatic;
				CURRENT_PROJECT_VERSION = 1;
				GENERATE_INFOPLIST_FILE = YES;
				MARKETING_VERSION = 1.0;
				PRODUCT_BUNDLE_IDENTIFIER = ubsuai.com.RedirectUITests;
				PRODUCT_NAME = "$(TARGET_NAME)";
				SWIFT_EMIT_LOC_STRINGS = NO;
				SWIFT_VERSION = 5.0;
				TEST_TARGET_NAME = Redirect;
			};
			name = Debug;
		};
		6469B46E2E0A3072008D303D /* Release */ = {
			isa = XCBuildConfiguration;
			buildSettings = {
				CODE_SIGN_STYLE = Automatic;
				CURRENT_PROJECT_VERSION = 1;
				GENERATE_INFOPLIST_FILE = YES;
				MARKETING_VERSION = 1.0;
				PRODUCT_BUNDLE_IDENTIFIER = ubsuai.com.RedirectUITests;
				PRODUCT_NAME = "$(TARGET_NAME)";
				SWIFT_EMIT_LOC_STRINGS = NO;
				SWIFT_VERSION = 5.0;
				TEST_TARGET_NAME = Redirect;
			};
			name = Release;
		};
/* End XCBuildConfiguration section */

/* Begin XCConfigurationList section */
		6469B43F2E0A306E008D303D /* Build configuration list for PBXProject "Redirect" */ = {
			isa = XCConfigurationList;
			buildConfigurations = (
				6469B4642E0A3072008D303D /* Debug */,
				6469B4652E0A3072008D303D /* Release */,
			);
			defaultConfigurationIsVisible = 0;
			defaultConfigurationName = Release;
		};
		6469B4662E0A3072008D303D /* Build configuration list for PBXNativeTarget "Redirect" */ = {
			isa = XCConfigurationList;
			buildConfigurations = (
				6469B4672E0A3072008D303D /* Debug */,
				6469B4682E0A3072008D303D /* Release */,
			);
			defaultConfigurationIsVisible = 0;
			defaultConfigurationName = Release;
		};
		6469B4692E0A3072008D303D /* Build configuration list for PBXNativeTarget "RedirectTests" */ = {
			isa = XCConfigurationList;
			buildConfigurations = (
				6469B46A2E0A3072008D303D /* Debug */,
				6469B46B2E0A3072008D303D /* Release */,
			);
			defaultConfigurationIsVisible = 0;
			defaultConfigurationName = Release;
		};
		6469B46C2E0A3072008D303D /* Build configuration list for PBXNativeTarget "RedirectUITests" */ = {
			isa = XCConfigurationList;
			buildConfigurations = (
				6469B46D2E0A3072008D303D /* Debug */,
				6469B46E2E0A3072008D303D /* Release */,
			);
			defaultConfigurationIsVisible = 0;
			defaultConfigurationName = Release;
		};
/* End XCConfigurationList section */
	};
	rootObject = 6469B43C2E0A306E008D303D /* Project object */;
}
